version: 1.0.0
files:
  c3db80806ec84255abe17d61b58a5cc4:
    welcome: 83218ac34c1834c26781fe4bde918ee4
    documentation: 5b6cf869265c13af8566f192b4ab3d2a
    tooling: 970d329b9f2d1f639f404599455574e4
    ecosystem: 47e3170ffb3d6c316975632968933646
    community: 7d61983c34edc2a8cabbea71c4732f62
    support: 86e11879706e631c7effb5849c41cc4d
    language_selector: 83dad8107f9459efe2b4fabcf5b63108
    vue_official_docs: b63ad0b2109b85ed1e14a435177843b9
    project_served_with: d8bfa56752dcaac85fb35993ef1684eb
    recommended_ide: 4d235b65d218e851d7f97f7fdfe1a034
    test_components: 808f1e87f76326418495cbaefe3ba122
    more_instructions: 301c10bfdd6a19323827ca21ee96064c
    get_official_tools: fb00556e92ece7ffdabff6b6c632f046
    need_more_resources: 6a42c52a0d945294c5f4cdce181bf965
    got_stuck: 7c7a3ab0c7834e94d4ad68f199a1f3c1
    official_discord: 73fd31d45079a092e20780436fa0ba40
    follow_official: 0e1730d76cafe834b84216befa4f8cea
    bluesky_account: 592f0ba93147a6eb3a1b927b6caf207b
    x_account: f1840f19a24e51eb7ec0505cced0129c
    independent_project: 5b10782fe98c088f02e6f794ced8feba
    becoming_sponsor: 6a042c0dbf3799f7bf4dc9e69e80b23e
